// !$*UTF8*$!
{
	archiveVersion = 1;
	classes = {
	};
	objectVersion = 56;
	objects = {

/* Begin PBXBuildFile section */
		675A42AE2AFB38AE0004EBB2 /* SwiftUI_ScrollView_Offset_tutorialApp.swift in Sources */ = {isa = PBXBuildFile; fileRef = 675A42AD2AFB38AE0004EBB2 /* SwiftUI_ScrollView_Offset_tutorialApp.swift */; };
		675A42B02AFB38AE0004EBB2 /* ContentView.swift in Sources */ = {isa = PBXBuildFile; fileRef = 675A42AF2AFB38AE0004EBB2 /* ContentView.swift */; };
		675A42B22AFB38AF0004EBB2 /* Assets.xcassets in Resources */ = {isa = PBXBuildFile; fileRef = 675A42B12AFB38AF0004EBB2 /* Assets.xcassets */; };
		675A42B52AFB38AF0004EBB2 /* Preview Assets.xcassets in Resources */ = {isa = PBXBuildFile; fileRef = 675A42B42AFB38AF0004EBB2 /* Preview Assets.xcassets */; };
		675A42BD2AFB3A710004EBB2 /* SwiftUIIntrospect in Frameworks */ = {isa = PBXBuildFile; productRef = 675A42BC2AFB3A710004EBB2 /* SwiftUIIntrospect */; };
		675A42BF2AFB3B120004EBB2 /* ScrollViewHelper.swift in Sources */ = {isa = PBXBuildFile; fileRef = 675A42BE2AFB3B120004EBB2 /* ScrollViewHelper.swift */; };
		67EE97662AFD1070006BCA91 /* ScrollViewOffsetpreferenceKey.swift in Sources */ = {isa = PBXBuildFile; fileRef = 67EE97652AFD1070006BCA91 /* ScrollViewOffsetpreferenceKey.swift */; };
/* End PBXBuildFile section */

/* Begin PBXFileReference section */
		675A42AA2AFB38AE0004EBB2 /* SwiftUI_ScrollView_Offset_tutorial.app */ = {isa = PBXFileReference; explicitFileType = wrapper.application; includeInIndex = 0; path = SwiftUI_ScrollView_Offset_tutorial.app; sourceTree = BUILT_PRODUCTS_DIR; };
		675A42AD2AFB38AE0004EBB2 /* SwiftUI_ScrollView_Offset_tutorialApp.swift */ = {isa = PBXFileReference; lastKnownFileType = sourcecode.swift; path = SwiftUI_ScrollView_Offset_tutorialApp.swift; sourceTree = "<group>"; };
		675A42AF2AFB38AE0004EBB2 /* ContentView.swift */ = {isa = PBXFileReference; lastKnownFileType = sourcecode.swift; path = ContentView.swift; sourceTree = "<group>"; };
		675A42B12AFB38AF0004EBB2 /* Assets.xcassets */ = {isa = PBXFileReference; lastKnownFileType = folder.assetcatalog; path = Assets.xcassets; sourceTree = "<group>"; };
		675A42B42AFB38AF0004EBB2 /* Preview Assets.xcassets */ = {isa = PBXFileReference; lastKnownFileType = folder.assetcatalog; path = "Preview Assets.xcassets"; sourceTree = "<group>"; };
		675A42BE2AFB3B120004EBB2 /* ScrollViewHelper.swift */ = {isa = PBXFileReference; lastKnownFileType = sourcecode.swift; path = ScrollViewHelper.swift; sourceTree = "<group>"; };
		67EE97652AFD1070006BCA91 /* ScrollViewOffsetpreferenceKey.swift */ = {isa = PBXFileReference; lastKnownFileType = sourcecode.swift; path = ScrollViewOffsetpreferenceKey.swift; sourceTree = "<group>"; };
/* End PBXFileReference section */

/* Begin PBXFrameworksBuildPhase section */
		675A42A72AFB38AE0004EBB2 /* Frameworks */ = {
			isa = PBXFrameworksBuildPhase;
			buildActionMask = 2147483647;
			files = (
				675A42BD2AFB3A710004EBB2 /* SwiftUIIntrospect in Frameworks */,
			);
			runOnlyForDeploymentPostprocessing = 0;
		};
/* End PBXFrameworksBuildPhase section */

/* Begin PBXGroup section */
		675A42A12AFB38AE0004EBB2 = {
			isa = PBXGroup;
			children = (
				675A42AC2AFB38AE0004EBB2 /* SwiftUI_ScrollView_Offset_tutorial */,
				675A42AB2AFB38AE0004EBB2 /* Products */,
			);
			sourceTree = "<group>";
		};
		675A42AB2AFB38AE0004EBB2 /* Products */ = {
			isa = PBXGroup;
			children = (
				675A42AA2AFB38AE0004EBB2 /* SwiftUI_ScrollView_Offset_tutorial.app */,
			);
			name = Products;
			sourceTree = "<group>";
		};
		675A42AC2AFB38AE0004EBB2 /* SwiftUI_ScrollView_Offset_tutorial */ = {
			isa = PBXGroup;
			children = (
				675A42AD2AFB38AE0004EBB2 /* SwiftUI_ScrollView_Offset_tutorialApp.swift */,
				675A42AF2AFB38AE0004EBB2 /* ContentView.swift */,
				675A42BE2AFB3B120004EBB2 /* ScrollViewHelper.swift */,
				675A42B12AFB38AF0004EBB2 /* Assets.xcassets */,
				675A42B32AFB38AF0004EBB2 /* Preview Content */,
				67EE97652AFD1070006BCA91 /* ScrollViewOffsetpreferenceKey.swift */,
			);
			path = SwiftUI_ScrollView_Offset_tutorial;
			sourceTree = "<group>";
		};
		675A42B32AFB38AF0004EBB2 /* Preview Content */ = {
			isa = PBXGroup;
			children = (
				675A42B42AFB38AF0004EBB2 /* Preview Assets.xcassets */,
			);
			path = "Preview Content";
			sourceTree = "<group>";
		};
/* End PBXGroup section */

/* Begin PBXNativeTarget section */
		675A42A92AFB38AE0004EBB2 /* SwiftUI_ScrollView_Offset_tutorial */ = {
			isa = PBXNativeTarget;
			buildConfigurationList = 675A42B82AFB38AF0004EBB2 /* Build configuration list for PBXNativeTarget "SwiftUI_ScrollView_Offset_tutorial" */;
			buildPhases = (
				675A42A62AFB38AE0004EBB2 /* Sources */,
				675A42A72AFB38AE0004EBB2 /* Frameworks */,
				675A42A82AFB38AE0004EBB2 /* Resources */,
			);
			buildRules = (
			);
			dependencies = (
			);
			name = SwiftUI_ScrollView_Offset_tutorial;
			packageProductDependencies = (
				675A42BC2AFB3A710004EBB2 /* SwiftUIIntrospect */,
			);
			productName = SwiftUI_ScrollView_Offset_tutorial;
			productReference = 675A42AA2AFB38AE0004EBB2 /* SwiftUI_ScrollView_Offset_tutorial.app */;
			productType = "com.apple.product-type.application";
		};
/* End PBXNativeTarget section */

/* Begin PBXProject section */
		675A42A22AFB38AE0004EBB2 /* Project object */ = {
			isa = PBXProject;
			attributes = {
				BuildIndependentTargetsInParallel = 1;
				LastSwiftUpdateCheck = 1430;
				LastUpgradeCheck = 1430;
				TargetAttributes = {
					675A42A92AFB38AE0004EBB2 = {
						CreatedOnToolsVersion = 14.3.1;
					};
				};
			};
			buildConfigurationList = 675A42A52AFB38AE0004EBB2 /* Build configuration list for PBXProject "SwiftUI_ScrollView_Offset_tutorial" */;
			compatibilityVersion = "Xcode 14.0";
			developmentRegion = en;
			hasScannedForEncodings = 0;
			knownRegions = (
				en,
				Base,
			);
			mainGroup = 675A42A12AFB38AE0004EBB2;
			packageReferences = (
				675A42BB2AFB3A710004EBB2 /* XCRemoteSwiftPackageReference "swiftui-introspect" */,
			);
			productRefGroup = 675A42AB2AFB38AE0004EBB2 /* Products */;
			projectDirPath = "";
			projectRoot = "";
			targets = (
				675A42A92AFB38AE0004EBB2 /* SwiftUI_ScrollView_Offset_tutorial */,
			);
		};
/* End PBXProject section */

/* Begin PBXResourcesBuildPhase section */
		675A42A82AFB38AE0004EBB2 /* Resources */ = {
			isa = PBXResourcesBuildPhase;
			buildActionMask = 2147483647;
			files = (
				675A42B52AFB38AF0004EBB2 /* Preview Assets.xcassets in Resources */,
				675A42B22AFB38AF0004EBB2 /* Assets.xcassets in Resources */,
			);
			runOnlyForDeploymentPostprocessing = 0;
		};
/* End PBXResourcesBuildPhase section */

/* Begin PBXSourcesBuildPhase section */
		675A42A62AFB38AE0004EBB2 /* Sources */ = {
			isa = PBXSourcesBuildPhase;
			buildActionMask = 2147483647;
			files = (
				675A42B02AFB38AE0004EBB2 /* ContentView.swift in Sources */,
				675A42BF2AFB3B120004EBB2 /* ScrollViewHelper.swift in Sources */,
				675A42AE2AFB38AE0004EBB2 /* SwiftUI_ScrollView_Offset_tutorialApp.swift in Sources */,
				67EE97662AFD1070006BCA91 /* ScrollViewOffsetpreferenceKey.swift in Sources */,
			);
			runOnlyForDeploymentPostprocessing = 0;
		};
/* End PBXSourcesBuildPhase section */

/* Begin XCBuildConfiguration section */
		675A42B62AFB38AF0004EBB2 /* Debug */ = {
			isa = XCBuildConfiguration;
			buildSettings = {
				ALWAYS_SEARCH_USER_PATHS = NO;
				CLANG_ANALYZER_NONNULL = YES;
				CLANG_ANALYZER_NUMBER_OBJECT_CONVERSION = YES_AGGRESSIVE;
				CLANG_CXX_LANGUAGE_STANDARD = "gnu++20";
				CLANG_ENABLE_MODULES = YES;
				CLANG_ENABLE_OBJC_ARC = YES;
				CLANG_ENABLE_OBJC_WEAK = YES;
				CLANG_WARN_BLOCK_CAPTURE_AUTORELEASING = YES;
				CLANG_WARN_BOOL_CONVERSION = YES;
				CLANG_WARN_COMMA = YES;
				CLANG_WARN_CONSTANT_CONVERSION = YES;
				CLANG_WARN_DEPRECATED_OBJC_IMPLEMENTATIONS = YES;
				CLANG_WARN_DIRECT_OBJC_ISA_USAGE = YES_ERROR;
				CLANG_WARN_DOCUMENTATION_COMMENTS = YES;
				CLANG_WARN_EMPTY_BODY = YES;
				CLANG_WARN_ENUM_CONVERSION = YES;
				CLANG_WARN_INFINITE_RECURSION = YES;
				CLANG_WARN_INT_CONVERSION = YES;
				CLANG_WARN_NON_LITERAL_NULL_CONVERSION = YES;
				CLANG_WARN_OBJC_IMPLICIT_RETAIN_SELF = YES;
				CLANG_WARN_OBJC_LITERAL_CONVERSION = YES;
				CLANG_WARN_OBJC_ROOT_CLASS = YES_ERROR;
				CLANG_WARN_QUOTED_INCLUDE_IN_FRAMEWORK_HEADER = YES;
				CLANG_WARN_RANGE_LOOP_ANALYSIS = YES;
				CLANG_WARN_STRICT_PROTOTYPES = YES;
				CLANG_WARN_SUSPICIOUS_MOVE = YES;
				CLANG_WARN_UNGUARDED_AVAILABILITY = YES_AGGRESSIVE;
				CLANG_WARN_UNREACHABLE_CODE = YES;
				CLANG_WARN__DUPLICATE_METHOD_MATCH = YES;
				COPY_PHASE_STRIP = NO;
				DEBUG_INFORMATION_FORMAT = dwarf;
				ENABLE_STRICT_OBJC_MSGSEND = YES;
				ENABLE_TESTABILITY = YES;
				GCC_C_LANGUAGE_STANDARD = gnu11;
				GCC_DYNAMIC_NO_PIC = NO;
				GCC_NO_COMMON_BLOCKS = YES;
				GCC_OPTIMIZATION_LEVEL = 0;
				GCC_PREPROCESSOR_DEFINITIONS = (
					"DEBUG=1",
					"$(inherited)",
				);
				GCC_WARN_64_TO_32_BIT_CONVERSION = YES;
				GCC_WARN_ABOUT_RETURN_TYPE = YES_ERROR;
				GCC_WARN_UNDECLARED_SELECTOR = YES;
				GCC_WARN_UNINITIALIZED_AUTOS = YES_AGGRESSIVE;
				GCC_WARN_UNUSED_FUNCTION = YES;
				GCC_WARN_UNUSED_VARIABLE = YES;
				IPHONEOS_DEPLOYMENT_TARGET = 16.4;
				MTL_ENABLE_DEBUG_INFO = INCLUDE_SOURCE;
				MTL_FAST_MATH = YES;
				ONLY_ACTIVE_ARCH = YES;
				SDKROOT = iphoneos;
				SWIFT_ACTIVE_COMPILATION_CONDITIONS = DEBUG;
				SWIFT_OPTIMIZATION_LEVEL = "-Onone";
			};
			name = Debug;
		};
		675A42B72AFB38AF0004EBB2 /* Release */ = {
			isa = XCBuildConfiguration;
			buildSettings = {
				ALWAYS_SEARCH_USER_PATHS = NO;
				CLANG_ANALYZER_NONNULL = YES;
				CLANG_ANALYZER_NUMBER_OBJECT_CONVERSION = YES_AGGRESSIVE;
				CLANG_CXX_LANGUAGE_STANDARD = "gnu++20";
				CLANG_ENABLE_MODULES = YES;
				CLANG_ENABLE_OBJC_ARC = YES;
				CLANG_ENABLE_OBJC_WEAK = YES;
				CLANG_WARN_BLOCK_CAPTURE_AUTORELEASING = YES;
				CLANG_WARN_BOOL_CONVERSION = YES;
				CLANG_WARN_COMMA = YES;
				CLANG_WARN_CONSTANT_CONVERSION = YES;
				CLANG_WARN_DEPRECATED_OBJC_IMPLEMENTATIONS = YES;
				CLANG_WARN_DIRECT_OBJC_ISA_USAGE = YES_ERROR;
				CLANG_WARN_DOCUMENTATION_COMMENTS = YES;
				CLANG_WARN_EMPTY_BODY = YES;
				CLANG_WARN_ENUM_CONVERSION = YES;
				CLANG_WARN_INFINITE_RECURSION = YES;
				CLANG_WARN_INT_CONVERSION = YES;
				CLANG_WARN_NON_LITERAL_NULL_CONVERSION = YES;
				CLANG_WARN_OBJC_IMPLICIT_RETAIN_SELF = YES;
				CLANG_WARN_OBJC_LITERAL_CONVERSION = YES;
				CLANG_WARN_OBJC_ROOT_CLASS = YES_ERROR;
				CLANG_WARN_QUOTED_INCLUDE_IN_FRAMEWORK_HEADER = YES;
				CLANG_WARN_RANGE_LOOP_ANALYSIS = YES;
				CLANG_WARN_STRICT_PROTOTYPES = YES;
				CLANG_WARN_SUSPICIOUS_MOVE = YES;
				CLANG_WARN_UNGUARDED_AVAILABILITY = YES_AGGRESSIVE;
				CLANG_WARN_UNREACHABLE_CODE = YES;
				CLANG_WARN__DUPLICATE_METHOD_MATCH = YES;
				COPY_PHASE_STRIP = NO;
				DEBUG_INFORMATION_FORMAT = "dwarf-with-dsym";
				ENABLE_NS_ASSERTIONS = NO;
				ENABLE_STRICT_OBJC_MSGSEND = YES;
				GCC_C_LANGUAGE_STANDARD = gnu11;
				GCC_NO_COMMON_BLOCKS = YES;
				GCC_WARN_64_TO_32_BIT_CONVERSION = YES;
				GCC_WARN_ABOUT_RETURN_TYPE = YES_ERROR;
				GCC_WARN_UNDECLARED_SELECTOR = YES;
				GCC_WARN_UNINITIALIZED_AUTOS = YES_AGGRESSIVE;
				GCC_WARN_UNUSED_FUNCTION = YES;
				GCC_WARN_UNUSED_VARIABLE = YES;
				IPHONEOS_DEPLOYMENT_TARGET = 16.4;
				MTL_ENABLE_DEBUG_INFO = NO;
				MTL_FAST_MATH = YES;
				SDKROOT = iphoneos;
				SWIFT_COMPILATION_MODE = wholemodule;
				SWIFT_OPTIMIZATION_LEVEL = "-O";
				VALIDATE_PRODUCT = YES;
			};
			name = Release;
		};
		675A42B92AFB38AF0004EBB2 /* Debug */ = {
			isa = XCBuildConfiguration;
			buildSettings = {
				ASSETCATALOG_COMPILER_APPICON_NAME = AppIcon;
				ASSETCATALOG_COMPILER_GLOBAL_ACCENT_COLOR_NAME = AccentColor;
				CODE_SIGN_STYLE = Automatic;
				CURRENT_PROJECT_VERSION = 1;
				DEVELOPMENT_ASSET_PATHS = "\"SwiftUI_ScrollView_Offset_tutorial/Preview Content\"";
				DEVELOPMENT_TEAM = XXJ2YB9QP5;
				ENABLE_PREVIEWS = YES;
				GENERATE_INFOPLIST_FILE = YES;
				INFOPLIST_KEY_UIApplicationSceneManifest_Generation = YES;
				INFOPLIST_KEY_UIApplicationSupportsIndirectInputEvents = YES;
				INFOPLIST_KEY_UILaunchScreen_Generation = YES;
				INFOPLIST_KEY_UISupportedInterfaceOrientations_iPad = "UIInterfaceOrientationPortrait UIInterfaceOrientationPortraitUpsideDown UIInterfaceOrientationLandscapeLeft UIInterfaceOrientationLandscapeRight";
				INFOPLIST_KEY_UISupportedInterfaceOrientations_iPhone = "UIInterfaceOrientationPortrait UIInterfaceOrientationLandscapeLeft UIInterfaceOrientationLandscapeRight";
				LD_RUNPATH_SEARCH_PATHS = (
					"$(inherited)",
					"@executable_path/Frameworks",
				);
				MARKETING_VERSION = 1.0;
				PRODUCT_BUNDLE_IDENTIFIER = "com.sesac.SwiftUI-ScrollView-Offset-tutorial";
				PRODUCT_NAME = "$(TARGET_NAME)";
				SWIFT_EMIT_LOC_STRINGS = YES;
				SWIFT_VERSION = 5.0;
				TARGETED_DEVICE_FAMILY = "1,2";
			};
			name = Debug;
		};
		675A42BA2AFB38AF0004EBB2 /* Release */ = {
			isa = XCBuildConfiguration;
			buildSettings = {
				ASSETCATALOG_COMPILER_APPICON_NAME = AppIcon;
				ASSETCATALOG_COMPILER_GLOBAL_ACCENT_COLOR_NAME = AccentColor;
				CODE_SIGN_STYLE = Automatic;
				CURRENT_PROJECT_VERSION = 1;
				DEVELOPMENT_ASSET_PATHS = "\"SwiftUI_ScrollView_Offset_tutorial/Preview Content\"";
				DEVELOPMENT_TEAM = XXJ2YB9QP5;
				ENABLE_PREVIEWS = YES;
				GENERATE_INFOPLIST_FILE = YES;
				INFOPLIST_KEY_UIApplicationSceneManifest_Generation = YES;
				INFOPLIST_KEY_UIApplicationSupportsIndirectInputEvents = YES;
				INFOPLIST_KEY_UILaunchScreen_Generation = YES;
				INFOPLIST_KEY_UISupportedInterfaceOrientations_iPad = "UIInterfaceOrientationPortrait UIInterfaceOrientationPortraitUpsideDown UIInterfaceOrientationLandscapeLeft UIInterfaceOrientationLandscapeRight";
				INFOPLIST_KEY_UISupportedInterfaceOrientations_iPhone = "UIInterfaceOrientationPortrait UIInterfaceOrientationLandscapeLeft UIInterfaceOrientationLandscapeRight";
				LD_RUNPATH_SEARCH_PATHS = (
					"$(inherited)",
					"@executable_path/Frameworks",
				);
				MARKETING_VERSION = 1.0;
				PRODUCT_BUNDLE_IDENTIFIER = "com.sesac.SwiftUI-ScrollView-Offset-tutorial";
				PRODUCT_NAME = "$(TARGET_NAME)";
				SWIFT_EMIT_LOC_STRINGS = YES;
				SWIFT_VERSION = 5.0;
				TARGETED_DEVICE_FAMILY = "1,2";
			};
			name = Release;
		};
/* End XCBuildConfiguration section */

/* Begin XCConfigurationList section */
		675A42A52AFB38AE0004EBB2 /* Build configuration list for PBXProject "SwiftUI_ScrollView_Offset_tutorial" */ = {
			isa = XCConfigurationList;
			buildConfigurations = (
				675A42B62AFB38AF0004EBB2 /* Debug */,
				675A42B72AFB38AF0004EBB2 /* Release */,
			);
			defaultConfigurationIsVisible = 0;
			defaultConfigurationName = Release;
		};
		675A42B82AFB38AF0004EBB2 /* Build configuration list for PBXNativeTarget "SwiftUI_ScrollView_Offset_tutorial" */ = {
			isa = XCConfigurationList;
			buildConfigurations = (
				675A42B92AFB38AF0004EBB2 /* Debug */,
				675A42BA2AFB38AF0004EBB2 /* Release */,
			);
			defaultConfigurationIsVisible = 0;
			defaultConfigurationName = Release;
		};
/* End XCConfigurationList section */

/* Begin XCRemoteSwiftPackageReference section */
		675A42BB2AFB3A710004EBB2 /* XCRemoteSwiftPackageReference "swiftui-introspect" */ = {
			isa = XCRemoteSwiftPackageReference;
			repositoryURL = "https://github.com/siteline/swiftui-introspect.git";
			requirement = {
				kind = upToNextMajorVersion;
				minimumVersion = 1.0.0;
			};
		};
/* End XCRemoteSwiftPackageReference section */

/* Begin XCSwiftPackageProductDependency section */
		675A42BC2AFB3A710004EBB2 /* SwiftUIIntrospect */ = {
			isa = XCSwiftPackageProductDependency;
			package = 675A42BB2AFB3A710004EBB2 /* XCRemoteSwiftPackageReference "swiftui-introspect" */;
			productName = SwiftUIIntrospect;
		};
/* End XCSwiftPackageProductDependency section */
	};
	rootObject = 675A42A22AFB38AE0004EBB2 /* Project object */;
}
